
Microsoft Visual Studio Solution File, Format Version 12.00
# Visual Studio Version 16
VisualStudioVersion = 16.0.30523.141
MinimumVisualStudioVersion = 10.0.40219.1
Project("{FAE04EC0-301F-11D3-BF4B-00C04F79EFBC}") = "TestTaskWPF", "TestTaskWPF\TestTaskWPF.csproj", "{2705135C-FA98-4FD6-A150-EBBCC8C787F9}"
EndProject
Global
	GlobalSection(SolutionConfigurationPlatforms) = preSolution
		Debug|Any CPU = Debug|Any CPU
		Release|Any CPU = Release|Any CPU
	EndGlobalSection
	GlobalSection(ProjectConfigurationPlatforms) = postSolution
		{2705135C-FA98-4FD6-A150-EBBCC8C787F9}.Debug|Any CPU.ActiveCfg = Debug|Any CPU
		{2705135C-FA98-4FD6-A150-EBBCC8C787F9}.Debug|Any CPU.Build.0 = Debug|Any CPU
		{2705135C-FA98-4FD6-A150-EBBCC8C787F9}.Release|Any CPU.ActiveCfg = Release|Any CPU
		{2705135C-FA98-4FD6-A150-EBBCC8C787F9}.Release|Any CPU.Build.0 = Release|Any CPU
	EndGlobalSection
	GlobalSection(SolutionProperties) = preSolution
		HideSolutionNode = FALSE
	EndGlobalSection
	GlobalSection(ExtensibilityGlobals) = postSolution
		SolutionGuid = {DFCD4E68-2B9E-4A21-B671-45940974EB28}
	EndGlobalSection
EndGlobal
